Microsoft Visual Studio Solution File, Format Version 12.00
# Visual Studio Version 17
VisualStudioVersion = 17.5.2.0
MinimumVisualStudioVersion = 10.0.40219.1
Project("{FAE04EC0-301F-11D3-BF4B-00C04F79EFBC}") = "carrentalcde", "carrentalcde.csproj", "{93FFC181-5B28-088E-26F5-3E9A24EF89B3}"
EndProject
Global
	GlobalSection(SolutionConfigurationPlatforms) = preSolution
		Debug|Any CPU = Debug|Any CPU
		Release|Any CPU = Release|Any CPU
	EndGlobalSection
	GlobalSection(ProjectConfigurationPlatforms) = postSolution
		{93FFC181-5B28-088E-26F5-3E9A24EF89B3}.Debug|Any CPU.ActiveCfg = Debug|Any CPU
		{93FFC181-5B28-088E-26F5-3E9A24EF89B3}.Debug|Any CPU.Build.0 = Debug|Any CPU
		{93FFC181-5B28-088E-26F5-3E9A24EF89B3}.Release|Any CPU.ActiveCfg = Release|Any CPU
		{93FFC181-5B28-088E-26F5-3E9A24EF89B3}.Release|Any CPU.Build.0 = Release|Any CPU
	EndGlobalSection
	GlobalSection(SolutionProperties) = preSolution
		HideSolutionNode = FALSE
	EndGlobalSection
	GlobalSection(ExtensibilityGlobals) = postSolution
		SolutionGuid = {CA69BFD3-0A4B-416B-A335-721CEC9695EF}
	EndGlobalSection
EndGlobal
